{
  "name": "csv-cleanup-2",
  "version": "1.0.0",
  "lockfileVersion": 1,
  "requires": true,
  "dependencies": {
    "array-uniq": {
      "version": "2.1.0",
      "resolved": "https://registry.npmjs.org/array-uniq/-/array-uniq-2.1.0.tgz",
      "integrity": "sha512-bdHxtev7FN6+MXI1YFW0Q8mQ8dTJc2S8AMfju+ZR77pbg2yAdVyDlwkaUI7Har0LyOMRFPHrJ9lYdyjZZswdlQ=="
    },
    "fs": {
      "version": "0.0.1-security",
      "resolved": "https://registry.npmjs.org/fs/-/fs-0.0.1-security.tgz",
      "integrity": "sha1-invTcYa23d84E/I4WLV+yq9eQdQ="
    }
  }
}
